{
  "name": "backyard",
  "version": "1.0.0",
  "lockfileVersion": 1,
  "requires": true,
  "dependencies": {
    "fastpriorityqueue": {
      "version": "0.6.1",
      "resolved": "https://registry.npmjs.org/fastpriorityqueue/-/fastpriorityqueue-0.6.1.tgz",
      "integrity": "sha512-UBCrvnXWpSJHQ2eg5CuYpQekegw1IZQT1osEqu1aBgcwPck+E7J/EObCP2k0FB+VE+g+7dG1NaYvmERfYh2ATA=="
    },
  }
}
